
Microsoft Visual Studio Solution File, Format Version 12.00
# Visual Studio 15
VisualStudioVersion = 15.0.28307.1525
MinimumVisualStudioVersion = 10.0.40219.1
Project("{FAE04EC0-301F-11D3-BF4B-00C04F79EFBC}") = "Group7Convertor", "Group7Convertor\Group7Convertor.csproj", "{555BC3CA-6E8A-4F45-9C48-317991D50BDB}"
EndProject
Project("{FAE04EC0-301F-11D3-BF4B-00C04F79EFBC}") = "Converter", "Converter\Converter.csproj", "{88FDF313-750B-4201-B0BD-F489D5689945}"
EndProject
Global
	GlobalSection(SolutionConfigurationPlatforms) = preSolution
		Debug|Any CPU = Debug|Any CPU
		Release|Any CPU = Release|Any CPU
	EndGlobalSection
	GlobalSection(ProjectConfigurationPlatforms) = postSolution
		{555BC3CA-6E8A-4F45-9C48-317991D50BDB}.Debug|Any CPU.ActiveCfg = Debug|Any CPU
		{555BC3CA-6E8A-4F45-9C48-317991D50BDB}.Debug|Any CPU.Build.0 = Debug|Any CPU
		{555BC3CA-6E8A-4F45-9C48-317991D50BDB}.Release|Any CPU.ActiveCfg = Release|Any CPU
		{555BC3CA-6E8A-4F45-9C48-317991D50BDB}.Release|Any CPU.Build.0 = Release|Any CPU
		{88FDF313-750B-4201-B0BD-F489D5689945}.Debug|Any CPU.ActiveCfg = Debug|Any CPU
		{88FDF313-750B-4201-B0BD-F489D5689945}.Debug|Any CPU.Build.0 = Debug|Any CPU
		{88FDF313-750B-4201-B0BD-F489D5689945}.Release|Any CPU.ActiveCfg = Release|Any CPU
		{88FDF313-750B-4201-B0BD-F489D5689945}.Release|Any CPU.Build.0 = Release|Any CPU
	EndGlobalSection
	GlobalSection(SolutionProperties) = preSolution
		HideSolutionNode = FALSE
	EndGlobalSection
	GlobalSection(ExtensibilityGlobals) = postSolution
		SolutionGuid = {F4A44D6C-1252-4090-8746-747D882A24DC}
	EndGlobalSection
EndGlobal
